// !$*UTF8*$!
{
	archiveVersion = 1;
	classes = {
	};
	objectVersion = 56;
	objects = {

/* Begin PBXBuildFile section */
		8968F1F429A8D0F40023C467 /* ImageGeneratorApp.swift in Sources */ = {isa = PBXBuildFile; fileRef = 8968F1F329A8D0F40023C467 /* ImageGeneratorApp.swift */; };
		8968F1F629A8D0F40023C467 /* ContentView.swift in Sources */ = {isa = PBXBuildFile; fileRef = 8968F1F529A8D0F40023C467 /* ContentView.swift */; };
		8968F1F829A8D0F60023C467 /* Assets.xcassets in Resources */ = {isa = PBXBuildFile; fileRef = 8968F1F729A8D0F60023C467 /* Assets.xcassets */; };
		8968F1FB29A8D0F60023C467 /* Preview Assets.xcassets in Resources */ = {isa = PBXBuildFile; fileRef = 8968F1FA29A8D0F60023C467 /* Preview Assets.xcassets */; };
		8968F20529A8D0F80023C467 /* ImageGeneratorTests.swift in Sources */ = {isa = PBXBuildFile; fileRef = 8968F20429A8D0F80023C467 /* ImageGeneratorTests.swift */; };
		8968F20F29A8D0F80023C467 /* ImageGeneratorUITests.swift in Sources */ = {isa = PBXBuildFile; fileRef = 8968F20E29A8D0F80023C467 /* ImageGeneratorUITests.swift */; };
		8968F21129A8D0F80023C467 /* ImageGeneratorUITestsLaunchTests.swift in Sources */ = {isa = PBXBuildFile; fileRef = 8968F21029A8D0F80023C467 /* ImageGeneratorUITestsLaunchTests.swift */; };
		8968F21F29A936760023C467 /* OpenAIKit in Frameworks */ = {isa = PBXBuildFile; productRef = 8968F21E29A936760023C467 /* OpenAIKit */; };
/* End PBXBuildFile section */

/* Begin PBXContainerItemProxy section */
		8968F20129A8D0F80023C467 /* PBXContainerItemProxy */ = {
			isa = PBXContainerItemProxy;
			containerPortal = 8968F1E829A8D0F30023C467 /* Project object */;
			proxyType = 1;
			remoteGlobalIDString = 8968F1EF29A8D0F40023C467;
			remoteInfo = ImageGenerator;
		};
		8968F20B29A8D0F80023C467 /* PBXContainerItemProxy */ = {
			isa = PBXContainerItemProxy;
			containerPortal = 8968F1E829A8D0F30023C467 /* Project object */;
			proxyType = 1;
			remoteGlobalIDString = 8968F1EF29A8D0F40023C467;
			remoteInfo = ImageGenerator;
		};
/* End PBXContainerItemProxy section */

/* Begin PBXFileReference section */
		8968F1F029A8D0F40023C467 /* ImageGenerator.app */ = {isa = PBXFileReference; explicitFileType = wrapper.application; includeInIndex = 0; path = ImageGenerator.app; sourceTree = BUILT_PRODUCTS_DIR; };
		8968F1F329A8D0F40023C467 /* ImageGeneratorApp.swift */ = {isa = PBXFileReference; lastKnownFileType = sourcecode.swift; path = ImageGeneratorApp.swift; sourceTree = "<group>"; };
		8968F1F529A8D0F40023C467 /* ContentView.swift */ = {isa = PBXFileReference; lastKnownFileType = sourcecode.swift; path = ContentView.swift; sourceTree = "<group>"; };
		8968F1F729A8D0F60023C467 /* Assets.xcassets */ = {isa = PBXFileReference; lastKnownFileType = folder.assetcatalog; path = Assets.xcassets; sourceTree = "<group>"; };
		8968F1FA29A8D0F60023C467 /* Preview Assets.xcassets */ = {isa = PBXFileReference; lastKnownFileType = folder.assetcatalog; path = "Preview Assets.xcassets"; sourceTree = "<group>"; };
		8968F20029A8D0F80023C467 /* ImageGeneratorTests.xctest */ = {isa = PBXFileReference; explicitFileType = wrapper.cfbundle; includeInIndex = 0; path = ImageGeneratorTests.xctest; sourceTree = BUILT_PRODUCTS_DIR; };
		8968F20429A8D0F80023C467 /* ImageGeneratorTests.swift */ = {isa = PBXFileReference; lastKnownFileType = sourcecode.swift; path = ImageGeneratorTests.swift; sourceTree = "<group>"; };
		8968F20A29A8D0F80023C467 /* ImageGeneratorUITests.xctest */ = {isa = PBXFileReference; explicitFileType = wrapper.cfbundle; includeInIndex = 0; path = ImageGeneratorUITests.xctest; sourceTree = BUILT_PRODUCTS_DIR; };
		8968F20E29A8D0F80023C467 /* ImageGeneratorUITests.swift */ = {isa = PBXFileReference; lastKnownFileType = sourcecode.swift; path = ImageGeneratorUITests.swift; sourceTree = "<group>"; };
		8968F21029A8D0F80023C467 /* ImageGeneratorUITestsLaunchTests.swift */ = {isa = PBXFileReference; lastKnownFileType = sourcecode.swift; path = ImageGeneratorUITestsLaunchTests.swift; sourceTree = "<group>"; };
/* End PBXFileReference section */

/* Begin PBXFrameworksBuildPhase section */
		8968F1ED29A8D0F40023C467 /* Frameworks */ = {
			isa = PBXFrameworksBuildPhase;
			buildActionMask = 2147483647;
			files = (
				8968F21F29A936760023C467 /* OpenAIKit in Frameworks */,
			);
			runOnlyForDeploymentPostprocessing = 0;
		};
		8968F1FD29A8D0F80023C467 /* Frameworks */ = {
			isa = PBXFrameworksBuildPhase;
			buildActionMask = 2147483647;
			files = (
			);
			runOnlyForDeploymentPostprocessing = 0;
		};
		8968F20729A8D0F80023C467 /* Frameworks */ = {
			isa = PBXFrameworksBuildPhase;
			buildActionMask = 2147483647;
			files = (
			);
			runOnlyForDeploymentPostprocessing = 0;
		};
/* End PBXFrameworksBuildPhase section */

/* Begin PBXGroup section */
		8968F1E729A8D0F30023C467 = {
			isa = PBXGroup;
			children = (
				8968F1F229A8D0F40023C467 /* ImageGenerator */,
				8968F20329A8D0F80023C467 /* ImageGeneratorTests */,
				8968F20D29A8D0F80023C467 /* ImageGeneratorUITests */,
				8968F1F129A8D0F40023C467 /* Products */,
			);
			sourceTree = "<group>";
		};
		8968F1F129A8D0F40023C467 /* Products */ = {
			isa = PBXGroup;
			children = (
				8968F1F029A8D0F40023C467 /* ImageGenerator.app */,
				8968F20029A8D0F80023C467 /* ImageGeneratorTests.xctest */,
				8968F20A29A8D0F80023C467 /* ImageGeneratorUITests.xctest */,
			);
			name = Products;
			sourceTree = "<group>";
		};
		8968F1F229A8D0F40023C467 /* ImageGenerator */ = {
			isa = PBXGroup;
			children = (
				8968F1F329A8D0F40023C467 /* ImageGeneratorApp.swift */,
				8968F1F529A8D0F40023C467 /* ContentView.swift */,
				8968F1F729A8D0F60023C467 /* Assets.xcassets */,
				8968F1F929A8D0F60023C467 /* Preview Content */,
			);
			path = ImageGenerator;
			sourceTree = "<group>";
		};
		8968F1F929A8D0F60023C467 /* Preview Content */ = {
			isa = PBXGroup;
			children = (
				8968F1FA29A8D0F60023C467 /* Preview Assets.xcassets */,
			);
			path = "Preview Content";
			sourceTree = "<group>";
		};
		8968F20329A8D0F80023C467 /* ImageGeneratorTests */ = {
			isa = PBXGroup;
			children = (
				8968F20429A8D0F80023C467 /* ImageGeneratorTests.swift */,
			);
			path = ImageGeneratorTests;
			sourceTree = "<group>";
		};
		8968F20D29A8D0F80023C467 /* ImageGeneratorUITests */ = {
			isa = PBXGroup;
			children = (
				8968F20E29A8D0F80023C467 /* ImageGeneratorUITests.swift */,
				8968F21029A8D0F80023C467 /* ImageGeneratorUITestsLaunchTests.swift */,
			);
			path = ImageGeneratorUITests;
			sourceTree = "<group>";
		};
/* End PBXGroup section */

/* Begin PBXNativeTarget section */
		8968F1EF29A8D0F40023C467 /* ImageGenerator */ = {
			isa = PBXNativeTarget;
			buildConfigurationList = 8968F21429A8D0F80023C467 /* Build configuration list for PBXNativeTarget "ImageGenerator" */;
			buildPhases = (
				8968F1EC29A8D0F40023C467 /* Sources */,
				8968F1ED29A8D0F40023C467 /* Frameworks */,
				8968F1EE29A8D0F40023C467 /* Resources */,
			);
			buildRules = (
			);
			dependencies = (
			);
			name = ImageGenerator;
			packageProductDependencies = (
				8968F21E29A936760023C467 /* OpenAIKit */,
			);
			productName = ImageGenerator;
			productReference = 8968F1F029A8D0F40023C467 /* ImageGenerator.app */;
			productType = "com.apple.product-type.application";
		};
		8968F1FF29A8D0F80023C467 /* ImageGeneratorTests */ = {
			isa = PBXNativeTarget;
			buildConfigurationList = 8968F21729A8D0F80023C467 /* Build configuration list for PBXNativeTarget "ImageGeneratorTests" */;
			buildPhases = (
				8968F1FC29A8D0F80023C467 /* Sources */,
				8968F1FD29A8D0F80023C467 /* Frameworks */,
				8968F1FE29A8D0F80023C467 /* Resources */,
			);
			buildRules = (
			);
			dependencies = (
				8968F20229A8D0F80023C467 /* PBXTargetDependency */,
			);
			name = ImageGeneratorTests;
			productName = ImageGeneratorTests;
			productReference = 8968F20029A8D0F80023C467 /* ImageGeneratorTests.xctest */;
			productType = "com.apple.product-type.bundle.unit-test";
		};
		8968F20929A8D0F80023C467 /* ImageGeneratorUITests */ = {
			isa = PBXNativeTarget;
			buildConfigurationList = 8968F21A29A8D0F80023C467 /* Build configuration list for PBXNativeTarget "ImageGeneratorUITests" */;
			buildPhases = (
				8968F20629A8D0F80023C467 /* Sources */,
				8968F20729A8D0F80023C467 /* Frameworks */,
				8968F20829A8D0F80023C467 /* Resources */,
			);
			buildRules = (
			);
			dependencies = (
				8968F20C29A8D0F80023C467 /* PBXTargetDependency */,
			);
			name = ImageGeneratorUITests;
			productName = ImageGeneratorUITests;
			productReference = 8968F20A29A8D0F80023C467 /* ImageGeneratorUITests.xctest */;
			productType = "com.apple.product-type.bundle.ui-testing";
		};
/* End PBXNativeTarget section */

/* Begin PBXProject section */
		8968F1E829A8D0F30023C467 /* Project object */ = {
			isa = PBXProject;
			attributes = {
				BuildIndependentTargetsInParallel = 1;
				LastSwiftUpdateCheck = 1420;
				LastUpgradeCheck = 1420;
				TargetAttributes = {
					8968F1EF29A8D0F40023C467 = {
						CreatedOnToolsVersion = 14.2;
					};
					8968F1FF29A8D0F80023C467 = {
						CreatedOnToolsVersion = 14.2;
						TestTargetID = 8968F1EF29A8D0F40023C467;
					};
					8968F20929A8D0F80023C467 = {
						CreatedOnToolsVersion = 14.2;
						TestTargetID = 8968F1EF29A8D0F40023C467;
					};
				};
			};
			buildConfigurationList = 8968F1EB29A8D0F30023C467 /* Build configuration list for PBXProject "ImageGenerator" */;
			compatibilityVersion = "Xcode 14.0";
			developmentRegion = en;
			hasScannedForEncodings = 0;
			knownRegions = (
				en,
				Base,
			);
			mainGroup = 8968F1E729A8D0F30023C467;
			packageReferences = (
				8968F21D29A936760023C467 /* XCRemoteSwiftPackageReference "OpenAIKit" */,
			);
			productRefGroup = 8968F1F129A8D0F40023C467 /* Products */;
			projectDirPath = "";
			projectRoot = "";
			targets = (
				8968F1EF29A8D0F40023C467 /* ImageGenerator */,
				8968F1FF29A8D0F80023C467 /* ImageGeneratorTests */,
				8968F20929A8D0F80023C467 /* ImageGeneratorUITests */,
			);
		};
/* End PBXProject section */

/* Begin PBXResourcesBuildPhase section */
		8968F1EE29A8D0F40023C467 /* Resources */ = {
			isa = PBXResourcesBuildPhase;
			buildActionMask = 2147483647;
			files = (
				8968F1FB29A8D0F60023C467 /* Preview Assets.xcassets in Resources */,
				8968F1F829A8D0F60023C467 /* Assets.xcassets in Resources */,
			);
			runOnlyForDeploymentPostprocessing = 0;
		};
		8968F1FE29A8D0F80023C467 /* Resources */ = {
			isa = PBXResourcesBuildPhase;
			buildActionMask = 2147483647;
			files = (
			);
			runOnlyForDeploymentPostprocessing = 0;
		};
		8968F20829A8D0F80023C467 /* Resources */ = {
			isa = PBXResourcesBuildPhase;
			buildActionMask = 2147483647;
			files = (
			);
			runOnlyForDeploymentPostprocessing = 0;
		};
/* End PBXResourcesBuildPhase section */

/* Begin PBXSourcesBuildPhase section */
		8968F1EC29A8D0F40023C467 /* Sources */ = {
			isa = PBXSourcesBuildPhase;
			buildActionMask = 2147483647;
			files = (
				8968F1F629A8D0F40023C467 /* ContentView.swift in Sources */,
				8968F1F429A8D0F40023C467 /* ImageGeneratorApp.swift in Sources */,
			);
			runOnlyForDeploymentPostprocessing = 0;
		};
		8968F1FC29A8D0F80023C467 /* Sources */ = {
			isa = PBXSourcesBuildPhase;
			buildActionMask = 2147483647;
			files = (
				8968F20529A8D0F80023C467 /* ImageGeneratorTests.swift in Sources */,
			);
			runOnlyForDeploymentPostprocessing = 0;
		};
		8968F20629A8D0F80023C467 /* Sources */ = {
			isa = PBXSourcesBuildPhase;
			buildActionMask = 2147483647;
			files = (
				8968F21129A8D0F80023C467 /* ImageGeneratorUITestsLaunchTests.swift in Sources */,
				8968F20F29A8D0F80023C467 /* ImageGeneratorUITests.swift in Sources */,
			);
			runOnlyForDeploymentPostprocessing = 0;
		};
/* End PBXSourcesBuildPhase section */

/* Begin PBXTargetDependency section */
		8968F20229A8D0F80023C467 /* PBXTargetDependency */ = {
			isa = PBXTargetDependency;
			target = 8968F1EF29A8D0F40023C467 /* ImageGenerator */;
			targetProxy = 8968F20129A8D0F80023C467 /* PBXContainerItemProxy */;
		};
		8968F20C29A8D0F80023C467 /* PBXTargetDependency */ = {
			isa = PBXTargetDependency;
			target = 8968F1EF29A8D0F40023C467 /* ImageGenerator */;
			targetProxy = 8968F20B29A8D0F80023C467 /* PBXContainerItemProxy */;
		};
/* End PBXTargetDependency section */

/* Begin XCBuildConfiguration section */
		8968F21229A8D0F80023C467 /* Debug */ = {
			isa = XCBuildConfiguration;
			buildSettings = {
				ALWAYS_SEARCH_USER_PATHS = NO;
				CLANG_ANALYZER_NONNULL = YES;
				CLANG_ANALYZER_NUMBER_OBJECT_CONVERSION = YES_AGGRESSIVE;
				CLANG_CXX_LANGUAGE_STANDARD = "gnu++20";
				CLANG_ENABLE_MODULES = YES;
				CLANG_ENABLE_OBJC_ARC = YES;
				CLANG_ENABLE_OBJC_WEAK = YES;
				CLANG_WARN_BLOCK_CAPTURE_AUTORELEASING = YES;
				CLANG_WARN_BOOL_CONVERSION = YES;
				CLANG_WARN_COMMA = YES;
				CLANG_WARN_CONSTANT_CONVERSION = YES;
				CLANG_WARN_DEPRECATED_OBJC_IMPLEMENTATIONS = YES;
				CLANG_WARN_DIRECT_OBJC_ISA_USAGE = YES_ERROR;
				CLANG_WARN_DOCUMENTATION_COMMENTS = YES;
				CLANG_WARN_EMPTY_BODY = YES;
				CLANG_WARN_ENUM_CONVERSION = YES;
				CLANG_WARN_INFINITE_RECURSION = YES;
				CLANG_WARN_INT_CONVERSION = YES;
				CLANG_WARN_NON_LITERAL_NULL_CONVERSION = YES;
				CLANG_WARN_OBJC_IMPLICIT_RETAIN_SELF = YES;
				CLANG_WARN_OBJC_LITERAL_CONVERSION = YES;
				CLANG_WARN_OBJC_ROOT_CLASS = YES_ERROR;
				CLANG_WARN_QUOTED_INCLUDE_IN_FRAMEWORK_HEADER = YES;
				CLANG_WARN_RANGE_LOOP_ANALYSIS = YES;
				CLANG_WARN_STRICT_PROTOTYPES = YES;
				CLANG_WARN_SUSPICIOUS_MOVE = YES;
				CLANG_WARN_UNGUARDED_AVAILABILITY = YES_AGGRESSIVE;
				CLANG_WARN_UNREACHABLE_CODE = YES;
				CLANG_WARN__DUPLICATE_METHOD_MATCH = YES;
				COPY_PHASE_STRIP = NO;
				DEBUG_INFORMATION_FORMAT = dwarf;
				ENABLE_STRICT_OBJC_MSGSEND = YES;
				ENABLE_TESTABILITY = YES;
				GCC_C_LANGUAGE_STANDARD = gnu11;
				GCC_DYNAMIC_NO_PIC = NO;
				GCC_NO_COMMON_BLOCKS = YES;
				GCC_OPTIMIZATION_LEVEL = 0;
				GCC_PREPROCESSOR_DEFINITIONS = (
					"DEBUG=1",
					"$(inherited)",
				);
				GCC_WARN_64_TO_32_BIT_CONVERSION = YES;
				GCC_WARN_ABOUT_RETURN_TYPE = YES_ERROR;
				GCC_WARN_UNDECLARED_SELECTOR = YES;
				GCC_WARN_UNINITIALIZED_AUTOS = YES_AGGRESSIVE;
				GCC_WARN_UNUSED_FUNCTION = YES;
				GCC_WARN_UNUSED_VARIABLE = YES;
				IPHONEOS_DEPLOYMENT_TARGET = 16.2;
				MTL_ENABLE_DEBUG_INFO = INCLUDE_SOURCE;
				MTL_FAST_MATH = YES;
				ONLY_ACTIVE_ARCH = YES;
				SDKROOT = iphoneos;
				SWIFT_ACTIVE_COMPILATION_CONDITIONS = DEBUG;
				SWIFT_OPTIMIZATION_LEVEL = "-Onone";
			};
			name = Debug;
		};
		8968F21329A8D0F80023C467 /* Release */ = {
			isa = XCBuildConfiguration;
			buildSettings = {
				ALWAYS_SEARCH_USER_PATHS = NO;
				CLANG_ANALYZER_NONNULL = YES;
				CLANG_ANALYZER_NUMBER_OBJECT_CONVERSION = YES_AGGRESSIVE;
				CLANG_CXX_LANGUAGE_STANDARD = "gnu++20";
				CLANG_ENABLE_MODULES = YES;
				CLANG_ENABLE_OBJC_ARC = YES;
				CLANG_ENABLE_OBJC_WEAK = YES;
				CLANG_WARN_BLOCK_CAPTURE_AUTORELEASING = YES;
				CLANG_WARN_BOOL_CONVERSION = YES;
				CLANG_WARN_COMMA = YES;
				CLANG_WARN_CONSTANT_CONVERSION = YES;
				CLANG_WARN_DEPRECATED_OBJC_IMPLEMENTATIONS = YES;
				CLANG_WARN_DIRECT_OBJC_ISA_USAGE = YES_ERROR;
				CLANG_WARN_DOCUMENTATION_COMMENTS = YES;
				CLANG_WARN_EMPTY_BODY = YES;
				CLANG_WARN_ENUM_CONVERSION = YES;
				CLANG_WARN_INFINITE_RECURSION = YES;
				CLANG_WARN_INT_CONVERSION = YES;
				CLANG_WARN_NON_LITERAL_NULL_CONVERSION = YES;
				CLANG_WARN_OBJC_IMPLICIT_RETAIN_SELF = YES;
				CLANG_WARN_OBJC_LITERAL_CONVERSION = YES;
				CLANG_WARN_OBJC_ROOT_CLASS = YES_ERROR;
				CLANG_WARN_QUOTED_INCLUDE_IN_FRAMEWORK_HEADER = YES;
				CLANG_WARN_RANGE_LOOP_ANALYSIS = YES;
				CLANG_WARN_STRICT_PROTOTYPES = YES;
				CLANG_WARN_SUSPICIOUS_MOVE = YES;
				CLANG_WARN_UNGUARDED_AVAILABILITY = YES_AGGRESSIVE;
				CLANG_WARN_UNREACHABLE_CODE = YES;
				CLANG_WARN__DUPLICATE_METHOD_MATCH = YES;
				COPY_PHASE_STRIP = NO;
				DEBUG_INFORMATION_FORMAT = "dwarf-with-dsym";
				ENABLE_NS_ASSERTIONS = NO;
				ENABLE_STRICT_OBJC_MSGSEND = YES;
				GCC_C_LANGUAGE_STANDARD = gnu11;
				GCC_NO_COMMON_BLOCKS = YES;
				GCC_WARN_64_TO_32_BIT_CONVERSION = YES;
				GCC_WARN_ABOUT_RETURN_TYPE = YES_ERROR;
				GCC_WARN_UNDECLARED_SELECTOR = YES;
				GCC_WARN_UNINITIALIZED_AUTOS = YES_AGGRESSIVE;
				GCC_WARN_UNUSED_FUNCTION = YES;
				GCC_WARN_UNUSED_VARIABLE = YES;
				IPHONEOS_DEPLOYMENT_TARGET = 16.2;
				MTL_ENABLE_DEBUG_INFO = NO;
				MTL_FAST_MATH = YES;
				SDKROOT = iphoneos;
				SWIFT_COMPILATION_MODE = wholemodule;
				SWIFT_OPTIMIZATION_LEVEL = "-O";
				VALIDATE_PRODUCT = YES;
			};
			name = Release;
		};
		8968F21529A8D0F80023C467 /* Debug */ = {
			isa = XCBuildConfiguration;
			buildSettings = {
				ASSETCATALOG_COMPILER_APPICON_NAME = AppIcon;
				ASSETCATALOG_COMPILER_GLOBAL_ACCENT_COLOR_NAME = AccentColor;
				CODE_SIGN_STYLE = Automatic;
				CURRENT_PROJECT_VERSION = 1;
				DEVELOPMENT_ASSET_PATHS = "\"ImageGenerator/Preview Content\"";
				DEVELOPMENT_TEAM = YX75RDXVVY;
				ENABLE_PREVIEWS = YES;
				GENERATE_INFOPLIST_FILE = YES;
				INFOPLIST_KEY_UIApplicationSceneManifest_Generation = YES;
				INFOPLIST_KEY_UIApplicationSupportsIndirectInputEvents = YES;
				INFOPLIST_KEY_UILaunchScreen_Generation = YES;
				INFOPLIST_KEY_UISupportedInterfaceOrientations_iPad = "UIInterfaceOrientationPortrait UIInterfaceOrientationPortraitUpsideDown UIInterfaceOrientationLandscapeLeft UIInterfaceOrientationLandscapeRight";
				INFOPLIST_KEY_UISupportedInterfaceOrientations_iPhone = "UIInterfaceOrientationPortrait UIInterfaceOrientationLandscapeLeft UIInterfaceOrientationLandscapeRight";
				LD_RUNPATH_SEARCH_PATHS = (
					"$(inherited)",
					"@executable_path/Frameworks",
				);
				MARKETING_VERSION = 1.0;
				PRODUCT_BUNDLE_IDENTIFIER = digital.ithinkso.ImageGenerator;
				PRODUCT_NAME = "$(TARGET_NAME)";
				SWIFT_EMIT_LOC_STRINGS = YES;
				SWIFT_VERSION = 5.0;
				TARGETED_DEVICE_FAMILY = "1,2";
			};
			name = Debug;
		};
		8968F21629A8D0F80023C467 /* Release */ = {
			isa = XCBuildConfiguration;
			buildSettings = {
				ASSETCATALOG_COMPILER_APPICON_NAME = AppIcon;
				ASSETCATALOG_COMPILER_GLOBAL_ACCENT_COLOR_NAME = AccentColor;
				CODE_SIGN_STYLE = Automatic;
				CURRENT_PROJECT_VERSION = 1;
				DEVELOPMENT_ASSET_PATHS = "\"ImageGenerator/Preview Content\"";
				DEVELOPMENT_TEAM = YX75RDXVVY;
				ENABLE_PREVIEWS = YES;
				GENERATE_INFOPLIST_FILE = YES;
				INFOPLIST_KEY_UIApplicationSceneManifest_Generation = YES;
				INFOPLIST_KEY_UIApplicationSupportsIndirectInputEvents = YES;
				INFOPLIST_KEY_UILaunchScreen_Generation = YES;
				INFOPLIST_KEY_UISupportedInterfaceOrientations_iPad = "UIInterfaceOrientationPortrait UIInterfaceOrientationPortraitUpsideDown UIInterfaceOrientationLandscapeLeft UIInterfaceOrientationLandscapeRight";
				INFOPLIST_KEY_UISupportedInterfaceOrientations_iPhone = "UIInterfaceOrientationPortrait UIInterfaceOrientationLandscapeLeft UIInterfaceOrientationLandscapeRight";
				LD_RUNPATH_SEARCH_PATHS = (
					"$(inherited)",
					"@executable_path/Frameworks",
				);
				MARKETING_VERSION = 1.0;
				PRODUCT_BUNDLE_IDENTIFIER = digital.ithinkso.ImageGenerator;
				PRODUCT_NAME = "$(TARGET_NAME)";
				SWIFT_EMIT_LOC_STRINGS = YES;
				SWIFT_VERSION = 5.0;
				TARGETED_DEVICE_FAMILY = "1,2";
			};
			name = Release;
		};
		8968F21829A8D0F80023C467 /* Debug */ = {
			isa = XCBuildConfiguration;
			buildSettings = {
				ALWAYS_EMBED_SWIFT_STANDARD_LIBRARIES = YES;
				BUNDLE_LOADER = "$(TEST_HOST)";
				CODE_SIGN_STYLE = Automatic;
				CURRENT_PROJECT_VERSION = 1;
				DEVELOPMENT_TEAM = YX75RDXVVY;
				GENERATE_INFOPLIST_FILE = YES;
				IPHONEOS_DEPLOYMENT_TARGET = 16.2;
				MARKETING_VERSION = 1.0;
				PRODUCT_BUNDLE_IDENTIFIER = digital.ithinkso.ImageGeneratorTests;
				PRODUCT_NAME = "$(TARGET_NAME)";
				SWIFT_EMIT_LOC_STRINGS = NO;
				SWIFT_VERSION = 5.0;
				TARGETED_DEVICE_FAMILY = "1,2";
				TEST_HOST = "$(BUILT_PRODUCTS_DIR)/ImageGenerator.app/$(BUNDLE_EXECUTABLE_FOLDER_PATH)/ImageGenerator";
			};
			name = Debug;
		};
		8968F21929A8D0F80023C467 /* Release */ = {
			isa = XCBuildConfiguration;
			buildSettings = {
				ALWAYS_EMBED_SWIFT_STANDARD_LIBRARIES = YES;
				BUNDLE_LOADER = "$(TEST_HOST)";
				CODE_SIGN_STYLE = Automatic;
				CURRENT_PROJECT_VERSION = 1;
				DEVELOPMENT_TEAM = YX75RDXVVY;
				GENERATE_INFOPLIST_FILE = YES;
				IPHONEOS_DEPLOYMENT_TARGET = 16.2;
				MARKETING_VERSION = 1.0;
				PRODUCT_BUNDLE_IDENTIFIER = digital.ithinkso.ImageGeneratorTests;
				PRODUCT_NAME = "$(TARGET_NAME)";
				SWIFT_EMIT_LOC_STRINGS = NO;
				SWIFT_VERSION = 5.0;
				TARGETED_DEVICE_FAMILY = "1,2";
				TEST_HOST = "$(BUILT_PRODUCTS_DIR)/ImageGenerator.app/$(BUNDLE_EXECUTABLE_FOLDER_PATH)/ImageGenerator";
			};
			name = Release;
		};
		8968F21B29A8D0F80023C467 /* Debug */ = {
			isa = XCBuildConfiguration;
			buildSettings = {
				ALWAYS_EMBED_SWIFT_STANDARD_LIBRARIES = YES;
				CODE_SIGN_STYLE = Automatic;
				CURRENT_PROJECT_VERSION = 1;
				DEVELOPMENT_TEAM = YX75RDXVVY;
				GENERATE_INFOPLIST_FILE = YES;
				MARKETING_VERSION = 1.0;
				PRODUCT_BUNDLE_IDENTIFIER = digital.ithinkso.ImageGeneratorUITests;
				PRODUCT_NAME = "$(TARGET_NAME)";
				SWIFT_EMIT_LOC_STRINGS = NO;
				SWIFT_VERSION = 5.0;
				TARGETED_DEVICE_FAMILY = "1,2";
				TEST_TARGET_NAME = ImageGenerator;
			};
			name = Debug;
		};
		8968F21C29A8D0F80023C467 /* Release */ = {
			isa = XCBuildConfiguration;
			buildSettings = {
				ALWAYS_EMBED_SWIFT_STANDARD_LIBRARIES = YES;
				CODE_SIGN_STYLE = Automatic;
				CURRENT_PROJECT_VERSION = 1;
				DEVELOPMENT_TEAM = YX75RDXVVY;
				GENERATE_INFOPLIST_FILE = YES;
				MARKETING_VERSION = 1.0;
				PRODUCT_BUNDLE_IDENTIFIER = digital.ithinkso.ImageGeneratorUITests;
				PRODUCT_NAME = "$(TARGET_NAME)";
				SWIFT_EMIT_LOC_STRINGS = NO;
				SWIFT_VERSION = 5.0;
				TARGETED_DEVICE_FAMILY = "1,2";
				TEST_TARGET_NAME = ImageGenerator;
			};
			name = Release;
		};
/* End XCBuildConfiguration section */

/* Begin XCConfigurationList section */
		8968F1EB29A8D0F30023C467 /* Build configuration list for PBXProject "ImageGenerator" */ = {
			isa = XCConfigurationList;
			buildConfigurations = (
				8968F21229A8D0F80023C467 /* Debug */,
				8968F21329A8D0F80023C467 /* Release */,
			);
			defaultConfigurationIsVisible = 0;
			defaultConfigurationName = Release;
		};
		8968F21429A8D0F80023C467 /* Build configuration list for PBXNativeTarget "ImageGenerator" */ = {
			isa = XCConfigurationList;
			buildConfigurations = (
				8968F21529A8D0F80023C467 /* Debug */,
				8968F21629A8D0F80023C467 /* Release */,
			);
			defaultConfigurationIsVisible = 0;
			defaultConfigurationName = Release;
		};
		8968F21729A8D0F80023C467 /* Build configuration list for PBXNativeTarget "ImageGeneratorTests" */ = {
			isa = XCConfigurationList;
			buildConfigurations = (
				8968F21829A8D0F80023C467 /* Debug */,
				8968F21929A8D0F80023C467 /* Release */,
			);
			defaultConfigurationIsVisible = 0;
			defaultConfigurationName = Release;
		};
		8968F21A29A8D0F80023C467 /* Build configuration list for PBXNativeTarget "ImageGeneratorUITests" */ = {
			isa = XCConfigurationList;
			buildConfigurations = (
				8968F21B29A8D0F80023C467 /* Debug */,
				8968F21C29A8D0F80023C467 /* Release */,
			);
			defaultConfigurationIsVisible = 0;
			defaultConfigurationName = Release;
		};
/* End XCConfigurationList section */

/* Begin XCRemoteSwiftPackageReference section */
		8968F21D29A936760023C467 /* XCRemoteSwiftPackageReference "OpenAIKit" */ = {
			isa = XCRemoteSwiftPackageReference;
			repositoryURL = "https://github.com/MarcoDotIO/OpenAIKit";
			requirement = {
				kind = upToNextMajorVersion;
				minimumVersion = 1.0.0;
			};
		};
/* End XCRemoteSwiftPackageReference section */

/* Begin XCSwiftPackageProductDependency section */
		8968F21E29A936760023C467 /* OpenAIKit */ = {
			isa = XCSwiftPackageProductDependency;
			package = 8968F21D29A936760023C467 /* XCRemoteSwiftPackageReference "OpenAIKit" */;
			productName = OpenAIKit;
		};
/* End XCSwiftPackageProductDependency section */
	};
	rootObject = 8968F1E829A8D0F30023C467 /* Project object */;
}
